
Microsoft Visual Studio Solution File, Format Version 12.00
# Visual Studio 14
VisualStudioVersion = 14.0.23107.0
MinimumVisualStudioVersion = 10.0.40219.1
Project("{FAE04EC0-301F-11D3-BF4B-00C04F79EFBC}") = "Questionnaires", "Questionnaires\Questionnaires.csproj", "{8A7B26AA-3562-4E4A-9742-5532AE2AEF01}"
EndProject
Project("{FAE04EC0-301F-11D3-BF4B-00C04F79EFBC}") = "Questionnaries.Data", "Questionnaries.Data\Questionnaries.Data.csproj", "{1047841E-A467-488D-9F2F-A6F2414F76D7}"
EndProject
Project("{FAE04EC0-301F-11D3-BF4B-00C04F79EFBC}") = "Questionnaires.Models", "Questionnaires.Models\Questionnaires.Models.csproj", "{D713CCBE-D341-4395-AC3E-425114F1BCEF}"
EndProject
Global
	GlobalSection(SolutionConfigurationPlatforms) = preSolution
		Debug|Any CPU = Debug|Any CPU
		Release|Any CPU = Release|Any CPU
	EndGlobalSection
	GlobalSection(ProjectConfigurationPlatforms) = postSolution
		{8A7B26AA-3562-4E4A-9742-5532AE2AEF01}.Debug|Any CPU.ActiveCfg = Debug|Any CPU
		{8A7B26AA-3562-4E4A-9742-5532AE2AEF01}.Debug|Any CPU.Build.0 = Debug|Any CPU
		{8A7B26AA-3562-4E4A-9742-5532AE2AEF01}.Release|Any CPU.ActiveCfg = Release|Any CPU
		{8A7B26AA-3562-4E4A-9742-5532AE2AEF01}.Release|Any CPU.Build.0 = Release|Any CPU
		{1047841E-A467-488D-9F2F-A6F2414F76D7}.Debug|Any CPU.ActiveCfg = Debug|Any CPU
		{1047841E-A467-488D-9F2F-A6F2414F76D7}.Debug|Any CPU.Build.0 = Debug|Any CPU
		{1047841E-A467-488D-9F2F-A6F2414F76D7}.Release|Any CPU.ActiveCfg = Release|Any CPU
		{1047841E-A467-488D-9F2F-A6F2414F76D7}.Release|Any CPU.Build.0 = Release|Any CPU
		{D713CCBE-D341-4395-AC3E-425114F1BCEF}.Debug|Any CPU.ActiveCfg = Debug|Any CPU
		{D713CCBE-D341-4395-AC3E-425114F1BCEF}.Debug|Any CPU.Build.0 = Debug|Any CPU
		{D713CCBE-D341-4395-AC3E-425114F1BCEF}.Release|Any CPU.ActiveCfg = Release|Any CPU
		{D713CCBE-D341-4395-AC3E-425114F1BCEF}.Release|Any CPU.Build.0 = Release|Any CPU
	EndGlobalSection
	GlobalSection(SolutionProperties) = preSolution
		HideSolutionNode = FALSE
	EndGlobalSection
EndGlobal
